
Microsoft Visual Studio Solution File, Format Version 12.00
# Visual Studio Version 17
VisualStudioVersion = 17.13.35818.85
MinimumVisualStudioVersion = 10.0.40219.1
Project("{2150E333-8FDC-42A3-9474-1A3956D46DE8}") = "1-Core", "1-Core", "{02EA681E-C7D8-13C7-8484-4AC65E1B71E8}"
EndProject
Project("{2150E333-8FDC-42A3-9474-1A3956D46DE8}") = "2-Data", "2-Data", "{F84F6000-6B25-4134-9643-E75923AE055B}"
EndProject
Project("{2150E333-8FDC-42A3-9474-1A3956D46DE8}") = "3-Services", "3-Services", "{B7F460E9-824B-4FC3-AF80-319CBAA68C3C}"
EndProject
Project("{2150E333-8FDC-42A3-9474-1A3956D46DE8}") = "4-APIs", "4-APIs", "{9B0072C3-4B21-42B9-8BB1-336A4C2DF930}"
EndProject
Project("{FAE04EC0-301F-11D3-BF4B-00C04F79EFBC}") = "BusX.Core", "BusX.Core\BusX.Core.csproj", "{07EABBE5-5904-4BCA-B7E3-541D0E947FCD}"
EndProject
Project("{FAE04EC0-301F-11D3-BF4B-00C04F79EFBC}") = "BusXAppServiceModels", "BusXAppServiceModels\BusXAppServiceModels.csproj", "{B1C56FD2-4BC8-47F9-9AB7-A8756C49237B}"
EndProject
Project("{FAE04EC0-301F-11D3-BF4B-00C04F79EFBC}") = "BusX.Data", "BusX.Data\BusX.Data.csproj", "{7B2D0204-D658-4912-9E5A-6A1DD457EA24}"
EndProject
Project("{FAE04EC0-301F-11D3-BF4B-00C04F79EFBC}") = "BusX.GEN.API", "BusX.GEN.API\BusX.GEN.API.csproj", "{805721E3-4653-490C-8ED1-A174515DBD04}"
EndProject
Project("{FAE04EC0-301F-11D3-BF4B-00C04F79EFBC}") = "BusX.GENAppService", "BusX.GENAppService\BusX.GENAppService.csproj", "{9B41C776-CC2D-46A3-9591-FFF44AE01A8F}"
EndProject
Project("{FAE04EC0-301F-11D3-BF4B-00C04F79EFBC}") = "BusX.BaseAppService", "BusX.BaseAppService\BusX.BaseAppService.csproj", "{0F4DFB42-5FD9-4695-AC05-A84376F5FFA7}"
EndProject
Project("{2150E333-8FDC-42A3-9474-1A3956D46DE8}") = "Base", "Base", "{BA969151-285B-4D0C-AA0C-04A7A6198DA1}"
EndProject
Project("{FAE04EC0-301F-11D3-BF4B-00C04F79EFBC}") = "BusX.Extensions", "BusX.Extensions\BusX.Extensions.csproj", "{134E2DEC-DB49-46CE-BEC7-4FA251082DD5}"
EndProject
Global
	GlobalSection(SolutionConfigurationPlatforms) = preSolution
		Debug|Any CPU = Debug|Any CPU
		Release|Any CPU = Release|Any CPU
	EndGlobalSection
	GlobalSection(ProjectConfigurationPlatforms) = postSolution
		{07EABBE5-5904-4BCA-B7E3-541D0E947FCD}.Debug|Any CPU.ActiveCfg = Debug|Any CPU
		{07EABBE5-5904-4BCA-B7E3-541D0E947FCD}.Debug|Any CPU.Build.0 = Debug|Any CPU
		{07EABBE5-5904-4BCA-B7E3-541D0E947FCD}.Release|Any CPU.ActiveCfg = Release|Any CPU
		{07EABBE5-5904-4BCA-B7E3-541D0E947FCD}.Release|Any CPU.Build.0 = Release|Any CPU
		{B1C56FD2-4BC8-47F9-9AB7-A8756C49237B}.Debug|Any CPU.ActiveCfg = Debug|Any CPU
		{B1C56FD2-4BC8-47F9-9AB7-A8756C49237B}.Debug|Any CPU.Build.0 = Debug|Any CPU
		{B1C56FD2-4BC8-47F9-9AB7-A8756C49237B}.Release|Any CPU.ActiveCfg = Release|Any CPU
		{B1C56FD2-4BC8-47F9-9AB7-A8756C49237B}.Release|Any CPU.Build.0 = Release|Any CPU
		{7B2D0204-D658-4912-9E5A-6A1DD457EA24}.Debug|Any CPU.ActiveCfg = Debug|Any CPU
		{7B2D0204-D658-4912-9E5A-6A1DD457EA24}.Debug|Any CPU.Build.0 = Debug|Any CPU
		{7B2D0204-D658-4912-9E5A-6A1DD457EA24}.Release|Any CPU.ActiveCfg = Release|Any CPU
		{7B2D0204-D658-4912-9E5A-6A1DD457EA24}.Release|Any CPU.Build.0 = Release|Any CPU
		{805721E3-4653-490C-8ED1-A174515DBD04}.Debug|Any CPU.ActiveCfg = Debug|Any CPU
		{805721E3-4653-490C-8ED1-A174515DBD04}.Debug|Any CPU.Build.0 = Debug|Any CPU
		{805721E3-4653-490C-8ED1-A174515DBD04}.Release|Any CPU.ActiveCfg = Release|Any CPU
		{805721E3-4653-490C-8ED1-A174515DBD04}.Release|Any CPU.Build.0 = Release|Any CPU
		{9B41C776-CC2D-46A3-9591-FFF44AE01A8F}.Debug|Any CPU.ActiveCfg = Debug|Any CPU
		{9B41C776-CC2D-46A3-9591-FFF44AE01A8F}.Debug|Any CPU.Build.0 = Debug|Any CPU
		{9B41C776-CC2D-46A3-9591-FFF44AE01A8F}.Release|Any CPU.ActiveCfg = Release|Any CPU
		{9B41C776-CC2D-46A3-9591-FFF44AE01A8F}.Release|Any CPU.Build.0 = Release|Any CPU
		{0F4DFB42-5FD9-4695-AC05-A84376F5FFA7}.Debug|Any CPU.ActiveCfg = Debug|Any CPU
		{0F4DFB42-5FD9-4695-AC05-A84376F5FFA7}.Debug|Any CPU.Build.0 = Debug|Any CPU
		{0F4DFB42-5FD9-4695-AC05-A84376F5FFA7}.Release|Any CPU.ActiveCfg = Release|Any CPU
		{0F4DFB42-5FD9-4695-AC05-A84376F5FFA7}.Release|Any CPU.Build.0 = Release|Any CPU
		{134E2DEC-DB49-46CE-BEC7-4FA251082DD5}.Debug|Any CPU.ActiveCfg = Debug|Any CPU
		{134E2DEC-DB49-46CE-BEC7-4FA251082DD5}.Debug|Any CPU.Build.0 = Debug|Any CPU
		{134E2DEC-DB49-46CE-BEC7-4FA251082DD5}.Release|Any CPU.ActiveCfg = Release|Any CPU
		{134E2DEC-DB49-46CE-BEC7-4FA251082DD5}.Release|Any CPU.Build.0 = Release|Any CPU
	EndGlobalSection
	GlobalSection(SolutionProperties) = preSolution
		HideSolutionNode = FALSE
	EndGlobalSection
	GlobalSection(NestedProjects) = preSolution
		{07EABBE5-5904-4BCA-B7E3-541D0E947FCD} = {02EA681E-C7D8-13C7-8484-4AC65E1B71E8}
		{B1C56FD2-4BC8-47F9-9AB7-A8756C49237B} = {F84F6000-6B25-4134-9643-E75923AE055B}
		{7B2D0204-D658-4912-9E5A-6A1DD457EA24} = {F84F6000-6B25-4134-9643-E75923AE055B}
		{805721E3-4653-490C-8ED1-A174515DBD04} = {9B0072C3-4B21-42B9-8BB1-336A4C2DF930}
		{9B41C776-CC2D-46A3-9591-FFF44AE01A8F} = {B7F460E9-824B-4FC3-AF80-319CBAA68C3C}
		{0F4DFB42-5FD9-4695-AC05-A84376F5FFA7} = {BA969151-285B-4D0C-AA0C-04A7A6198DA1}
		{BA969151-285B-4D0C-AA0C-04A7A6198DA1} = {B7F460E9-824B-4FC3-AF80-319CBAA68C3C}
		{134E2DEC-DB49-46CE-BEC7-4FA251082DD5} = {02EA681E-C7D8-13C7-8484-4AC65E1B71E8}
	EndGlobalSection
	GlobalSection(ExtensibilityGlobals) = postSolution
		SolutionGuid = {C0669C20-48F4-4E97-8BD2-967B58CD4ECB}
	EndGlobalSection
EndGlobal
